
Microsoft Visual Studio Solution File, Format Version 12.00
# Visual Studio 15
VisualStudioVersion = 15.0.27130.2036
MinimumVisualStudioVersion = 10.0.40219.1
Project("{FAE04EC0-301F-11D3-BF4B-00C04F79EFBC}") = "IEP-Project-Web", "IEP-Project-Web\IEP-Project-Web.csproj", "{3FC225EA-F82F-4947-A465-CF7C88F4DAAE}"
EndProject
Global
	GlobalSection(SolutionConfigurationPlatforms) = preSolution
		Debug|Any CPU = Debug|Any CPU
		Release|Any CPU = Release|Any CPU
	EndGlobalSection
	GlobalSection(ProjectConfigurationPlatforms) = postSolution
		{3FC225EA-F82F-4947-A465-CF7C88F4DAAE}.Debug|Any CPU.ActiveCfg = Debug|Any CPU
		{3FC225EA-F82F-4947-A465-CF7C88F4DAAE}.Debug|Any CPU.Build.0 = Debug|Any CPU
		{3FC225EA-F82F-4947-A465-CF7C88F4DAAE}.Release|Any CPU.ActiveCfg = Release|Any CPU
		{3FC225EA-F82F-4947-A465-CF7C88F4DAAE}.Release|Any CPU.Build.0 = Release|Any CPU
	EndGlobalSection
	GlobalSection(SolutionProperties) = preSolution
		HideSolutionNode = FALSE
	EndGlobalSection
	GlobalSection(ExtensibilityGlobals) = postSolution
		SolutionGuid = {197C76AA-5B06-4AFC-AA6A-6A8AF42B28B2}
	EndGlobalSection
EndGlobal
